
Microsoft Visual Studio Solution File, Format Version 12.00
# Visual Studio Version 17
VisualStudioVersion = 17.5.002.0
MinimumVisualStudioVersion = 10.0.40219.1
Project("{9A19103F-16F7-4668-BE54-9A1E7A4F7556}") = "DAL", "DAL\DAL.csproj", "{5B853CA2-59CF-4C7D-824F-1611E14A382A}"
EndProject
Project("{9A19103F-16F7-4668-BE54-9A1E7A4F7556}") = "EmployeeDetails", "EmployeeDetails\EmployeeDetails.csproj", "{3527095A-A1AD-42BA-AFFB-3DE5EE725975}"
EndProject
Global
	GlobalSection(SolutionConfigurationPlatforms) = preSolution
		Debug|Any CPU = Debug|Any CPU
		Release|Any CPU = Release|Any CPU
	EndGlobalSection
	GlobalSection(ProjectConfigurationPlatforms) = postSolution
		{5B853CA2-59CF-4C7D-824F-1611E14A382A}.Debug|Any CPU.ActiveCfg = Debug|Any CPU
		{5B853CA2-59CF-4C7D-824F-1611E14A382A}.Debug|Any CPU.Build.0 = Debug|Any CPU
		{5B853CA2-59CF-4C7D-824F-1611E14A382A}.Release|Any CPU.ActiveCfg = Release|Any CPU
		{5B853CA2-59CF-4C7D-824F-1611E14A382A}.Release|Any CPU.Build.0 = Release|Any CPU
		{3527095A-A1AD-42BA-AFFB-3DE5EE725975}.Debug|Any CPU.ActiveCfg = Debug|Any CPU
		{3527095A-A1AD-42BA-AFFB-3DE5EE725975}.Debug|Any CPU.Build.0 = Debug|Any CPU
		{3527095A-A1AD-42BA-AFFB-3DE5EE725975}.Release|Any CPU.ActiveCfg = Release|Any CPU
		{3527095A-A1AD-42BA-AFFB-3DE5EE725975}.Release|Any CPU.Build.0 = Release|Any CPU
	EndGlobalSection
	GlobalSection(SolutionProperties) = preSolution
		HideSolutionNode = FALSE
	EndGlobalSection
	GlobalSection(ExtensibilityGlobals) = postSolution
		SolutionGuid = {F663F276-D429-462D-B860-42DAC234C3EB}
	EndGlobalSection
EndGlobal
